// !$*UTF8*$!
{
	archiveVersion = 1;
	classes = {
	};
	objectVersion = 46;
	objects = {

/* Begin PBXBuildFile section */
		F244007518DACD6B0078B6B0 /* SHModelObject.m in Sources */ = {isa = PBXBuildFile; fileRef = F244006F18DACD6B0078B6B0 /* SHModelObject.m */; };
		F244007618DACD6B0078B6B0 /* SHAppDelegate.m in Sources */ = {isa = PBXBuildFile; fileRef = F244007118DACD6B0078B6B0 /* SHAppDelegate.m */; };
		F244007718DACD6B0078B6B0 /* Images.xcassets in Resources */ = {isa = PBXBuildFile; fileRef = F244007218DACD6B0078B6B0 /* Images.xcassets */; };
		F244007818DACD6B0078B6B0 /* SHTestModal.m in Sources */ = {isa = PBXBuildFile; fileRef = F244007418DACD6B0078B6B0 /* SHTestModal.m */; };
		F2B4093118BA16F400611B29 /* Foundation.framework in Frameworks */ = {isa = PBXBuildFile; fileRef = F2B4093018BA16F400611B29 /* Foundation.framework */; };
		F2B4093318BA16F400611B29 /* CoreGraphics.framework in Frameworks */ = {isa = PBXBuildFile; fileRef = F2B4093218BA16F400611B29 /* CoreGraphics.framework */; };
		F2B4093518BA16F400611B29 /* UIKit.framework in Frameworks */ = {isa = PBXBuildFile; fileRef = F2B4093418BA16F400611B29 /* UIKit.framework */; };
		F2B4093B18BA16F400611B29 /* InfoPlist.strings in Resources */ = {isa = PBXBuildFile; fileRef = F2B4093918BA16F400611B29 /* InfoPlist.strings */; };
		F2B4093D18BA16F400611B29 /* main.m in Sources */ = {isa = PBXBuildFile; fileRef = F2B4093C18BA16F400611B29 /* main.m */; };
		F2B4094A18BA16F500611B29 /* XCTest.framework in Frameworks */ = {isa = PBXBuildFile; fileRef = F2B4094918BA16F500611B29 /* XCTest.framework */; };
		F2B4094B18BA16F500611B29 /* Foundation.framework in Frameworks */ = {isa = PBXBuildFile; fileRef = F2B4093018BA16F400611B29 /* Foundation.framework */; };
		F2B4094C18BA16F500611B29 /* UIKit.framework in Frameworks */ = {isa = PBXBuildFile; fileRef = F2B4093418BA16F400611B29 /* UIKit.framework */; };
		F2B4095418BA16F500611B29 /* InfoPlist.strings in Resources */ = {isa = PBXBuildFile; fileRef = F2B4095218BA16F500611B29 /* InfoPlist.strings */; };
		F2B4095618BA16F500611B29 /* SHModalObjectTests.m in Sources */ = {isa = PBXBuildFile; fileRef = F2B4095518BA16F500611B29 /* SHModalObjectTests.m */; };
/* End PBXBuildFile section */

/* Begin PBXContainerItemProxy section */
		F2B4094D18BA16F500611B29 /* PBXContainerItemProxy */ = {
			isa = PBXContainerItemProxy;
			containerPortal = F2B4092518BA16F400611B29 /* Project object */;
			proxyType = 1;
			remoteGlobalIDString = F2B4092C18BA16F400611B29;
			remoteInfo = SHModalObject;
		};
/* End PBXContainerItemProxy section */

/* Begin PBXFileReference section */
		F244006E18DACD6B0078B6B0 /* SHModelObject.h */ = {isa = PBXFileReference; fileEncoding = 4; lastKnownFileType = sourcecode.c.h; path = SHModelObject.h; sourceTree = "<group>"; };
		F244006F18DACD6B0078B6B0 /* SHModelObject.m */ = {isa = PBXFileReference; fileEncoding = 4; lastKnownFileType = sourcecode.c.objc; path = SHModelObject.m; sourceTree = "<group>"; };
		F244007018DACD6B0078B6B0 /* SHModelSerialization.h */ = {isa = PBXFileReference; fileEncoding = 4; lastKnownFileType = sourcecode.c.h; path = SHModelSerialization.h; sourceTree = "<group>"; };
		F244007118DACD6B0078B6B0 /* SHAppDelegate.m */ = {isa = PBXFileReference; fileEncoding = 4; lastKnownFileType = sourcecode.c.objc; path = SHAppDelegate.m; sourceTree = "<group>"; };
		F244007218DACD6B0078B6B0 /* Images.xcassets */ = {isa = PBXFileReference; lastKnownFileType = folder.assetcatalog; path = Images.xcassets; sourceTree = "<group>"; };
		F244007318DACD6B0078B6B0 /* SHAppDelegate.h */ = {isa = PBXFileReference; fileEncoding = 4; lastKnownFileType = sourcecode.c.h; path = SHAppDelegate.h; sourceTree = "<group>"; };
		F244007418DACD6B0078B6B0 /* SHTestModal.m */ = {isa = PBXFileReference; fileEncoding = 4; lastKnownFileType = sourcecode.c.objc; path = SHTestModal.m; sourceTree = "<group>"; };
		F2B4092D18BA16F400611B29 /* SHModelObject.app */ = {isa = PBXFileReference; explicitFileType = wrapper.application; includeInIndex = 0; path = SHModelObject.app; sourceTree = BUILT_PRODUCTS_DIR; };
		F2B4093018BA16F400611B29 /* Foundation.framework */ = {isa = PBXFileReference; lastKnownFileType = wrapper.framework; name = Foundation.framework; path = System/Library/Frameworks/Foundation.framework; sourceTree = SDKROOT; };
		F2B4093218BA16F400611B29 /* CoreGraphics.framework */ = {isa = PBXFileReference; lastKnownFileType = wrapper.framework; name = CoreGraphics.framework; path = System/Library/Frameworks/CoreGraphics.framework; sourceTree = SDKROOT; };
		F2B4093418BA16F400611B29 /* UIKit.framework */ = {isa = PBXFileReference; lastKnownFileType = wrapper.framework; name = UIKit.framework; path = System/Library/Frameworks/UIKit.framework; sourceTree = SDKROOT; };
		F2B4093818BA16F400611B29 /* SHModelObject-Info.plist */ = {isa = PBXFileReference; lastKnownFileType = text.plist.xml; path = "SHModelObject-Info.plist"; sourceTree = "<group>"; };
		F2B4093A18BA16F400611B29 /* en */ = {isa = PBXFileReference; lastKnownFileType = text.plist.strings; name = en; path = en.lproj/InfoPlist.strings; sourceTree = "<group>"; };
		F2B4093C18BA16F400611B29 /* main.m */ = {isa = PBXFileReference; lastKnownFileType = sourcecode.c.objc; path = main.m; sourceTree = "<group>"; };
		F2B4093E18BA16F400611B29 /* SHModelObject-Prefix.pch */ = {isa = PBXFileReference; lastKnownFileType = sourcecode.c.h; path = "SHModelObject-Prefix.pch"; sourceTree = "<group>"; };
		F2B4094818BA16F500611B29 /* SHModelObjectTests.xctest */ = {isa = PBXFileReference; explicitFileType = wrapper.cfbundle; includeInIndex = 0; path = SHModelObjectTests.xctest; sourceTree = BUILT_PRODUCTS_DIR; };
		F2B4094918BA16F500611B29 /* XCTest.framework */ = {isa = PBXFileReference; lastKnownFileType = wrapper.framework; name = XCTest.framework; path = Library/Frameworks/XCTest.framework; sourceTree = DEVELOPER_DIR; };
		F2B4095118BA16F500611B29 /* SHModelObjectTests-Info.plist */ = {isa = PBXFileReference; lastKnownFileType = text.plist.xml; path = "SHModelObjectTests-Info.plist"; sourceTree = "<group>"; };
		F2B4095318BA16F500611B29 /* en */ = {isa = PBXFileReference; lastKnownFileType = text.plist.strings; name = en; path = en.lproj/InfoPlist.strings; sourceTree = "<group>"; };
		F2B4095518BA16F500611B29 /* SHModalObjectTests.m */ = {isa = PBXFileReference; lastKnownFileType = sourcecode.c.objc; path = SHModalObjectTests.m; sourceTree = "<group>"; };
/* End PBXFileReference section */

/* Begin PBXFrameworksBuildPhase section */
		F2B4092A18BA16F400611B29 /* Frameworks */ = {
			isa = PBXFrameworksBuildPhase;
			buildActionMask = 2147483647;
			files = (
				F2B4093318BA16F400611B29 /* CoreGraphics.framework in Frameworks */,
				F2B4093518BA16F400611B29 /* UIKit.framework in Frameworks */,
				F2B4093118BA16F400611B29 /* Foundation.framework in Frameworks */,
			);
			runOnlyForDeploymentPostprocessing = 0;
		};
		F2B4094518BA16F500611B29 /* Frameworks */ = {
			isa = PBXFrameworksBuildPhase;
			buildActionMask = 2147483647;
			files = (
				F2B4094A18BA16F500611B29 /* XCTest.framework in Frameworks */,
				F2B4094C18BA16F500611B29 /* UIKit.framework in Frameworks */,
				F2B4094B18BA16F500611B29 /* Foundation.framework in Frameworks */,
			);
			runOnlyForDeploymentPostprocessing = 0;
		};
/* End PBXFrameworksBuildPhase section */

/* Begin PBXGroup section */
		F244006D18DACD6B0078B6B0 /* SHModelObject */ = {
			isa = PBXGroup;
			children = (
				F244006E18DACD6B0078B6B0 /* SHModelObject.h */,
				F244006F18DACD6B0078B6B0 /* SHModelObject.m */,
				F244007018DACD6B0078B6B0 /* SHModelSerialization.h */,
			);
			path = SHModelObject;
			sourceTree = "<group>";
		};
		F2B4092418BA16F400611B29 = {
			isa = PBXGroup;
			children = (
				F2B4093618BA16F400611B29 /* SHModelObject */,
				F2B4094F18BA16F500611B29 /* SHModelObjectTests */,
				F2B4092F18BA16F400611B29 /* Frameworks */,
				F2B4092E18BA16F400611B29 /* Products */,
			);
			sourceTree = "<group>";
		};
		F2B4092E18BA16F400611B29 /* Products */ = {
			isa = PBXGroup;
			children = (
				F2B4092D18BA16F400611B29 /* SHModelObject.app */,
				F2B4094818BA16F500611B29 /* SHModelObjectTests.xctest */,
			);
			name = Products;
			sourceTree = "<group>";
		};
		F2B4092F18BA16F400611B29 /* Frameworks */ = {
			isa = PBXGroup;
			children = (
				F2B4093018BA16F400611B29 /* Foundation.framework */,
				F2B4093218BA16F400611B29 /* CoreGraphics.framework */,
				F2B4093418BA16F400611B29 /* UIKit.framework */,
				F2B4094918BA16F500611B29 /* XCTest.framework */,
			);
			name = Frameworks;
			sourceTree = "<group>";
		};
		F2B4093618BA16F400611B29 /* SHModelObject */ = {
			isa = PBXGroup;
			children = (
				F244006D18DACD6B0078B6B0 /* SHModelObject */,
				F244007118DACD6B0078B6B0 /* SHAppDelegate.m */,
				F244007318DACD6B0078B6B0 /* SHAppDelegate.h */,
				F244007418DACD6B0078B6B0 /* SHTestModal.m */,
				F244007218DACD6B0078B6B0 /* Images.xcassets */,
				F2B4093718BA16F400611B29 /* Supporting Files */,
			);
			path = SHModelObject;
			sourceTree = "<group>";
		};
		F2B4093718BA16F400611B29 /* Supporting Files */ = {
			isa = PBXGroup;
			children = (
				F2B4093818BA16F400611B29 /* SHModelObject-Info.plist */,
				F2B4093918BA16F400611B29 /* InfoPlist.strings */,
				F2B4093C18BA16F400611B29 /* main.m */,
				F2B4093E18BA16F400611B29 /* SHModelObject-Prefix.pch */,
			);
			name = "Supporting Files";
			sourceTree = "<group>";
		};
		F2B4094F18BA16F500611B29 /* SHModelObjectTests */ = {
			isa = PBXGroup;
			children = (
				F2B4095518BA16F500611B29 /* SHModalObjectTests.m */,
				F2B4095018BA16F500611B29 /* Supporting Files */,
			);
			path = SHModelObjectTests;
			sourceTree = "<group>";
		};
		F2B4095018BA16F500611B29 /* Supporting Files */ = {
			isa = PBXGroup;
			children = (
				F2B4095118BA16F500611B29 /* SHModelObjectTests-Info.plist */,
				F2B4095218BA16F500611B29 /* InfoPlist.strings */,
			);
			name = "Supporting Files";
			sourceTree = "<group>";
		};
/* End PBXGroup section */

/* Begin PBXNativeTarget section */
		F2B4092C18BA16F400611B29 /* SHModelObject */ = {
			isa = PBXNativeTarget;
			buildConfigurationList = F2B4095918BA16F500611B29 /* Build configuration list for PBXNativeTarget "SHModelObject" */;
			buildPhases = (
				F2B4092918BA16F400611B29 /* Sources */,
				F2B4092A18BA16F400611B29 /* Frameworks */,
				F2B4092B18BA16F400611B29 /* Resources */,
			);
			buildRules = (
			);
			dependencies = (
			);
			name = SHModelObject;
			productName = SHModalObject;
			productReference = F2B4092D18BA16F400611B29 /* SHModelObject.app */;
			productType = "com.apple.product-type.application";
		};
		F2B4094718BA16F500611B29 /* SHModelObjectTests */ = {
			isa = PBXNativeTarget;
			buildConfigurationList = F2B4095C18BA16F500611B29 /* Build configuration list for PBXNativeTarget "SHModelObjectTests" */;
			buildPhases = (
				F2B4094418BA16F500611B29 /* Sources */,
				F2B4094518BA16F500611B29 /* Frameworks */,
				F2B4094618BA16F500611B29 /* Resources */,
			);
			buildRules = (
			);
			dependencies = (
				F2B4094E18BA16F500611B29 /* PBXTargetDependency */,
			);
			name = SHModelObjectTests;
			productName = SHModalObjectTests;
			productReference = F2B4094818BA16F500611B29 /* SHModelObjectTests.xctest */;
			productType = "com.apple.product-type.bundle.unit-test";
		};
/* End PBXNativeTarget section */

/* Begin PBXProject section */
		F2B4092518BA16F400611B29 /* Project object */ = {
			isa = PBXProject;
			attributes = {
				CLASSPREFIX = SH;
				LastUpgradeCheck = 0500;
				ORGANIZATIONNAME = grevolution;
				TargetAttributes = {
					F2B4094718BA16F500611B29 = {
						TestTargetID = F2B4092C18BA16F400611B29;
					};
				};
			};
			buildConfigurationList = F2B4092818BA16F400611B29 /* Build configuration list for PBXProject "SHModelObject" */;
			compatibilityVersion = "Xcode 3.2";
			developmentRegion = English;
			hasScannedForEncodings = 0;
			knownRegions = (
				en,
			);
			mainGroup = F2B4092418BA16F400611B29;
			productRefGroup = F2B4092E18BA16F400611B29 /* Products */;
			projectDirPath = "";
			projectRoot = "";
			targets = (
				F2B4092C18BA16F400611B29 /* SHModelObject */,
				F2B4094718BA16F500611B29 /* SHModelObjectTests */,
			);
		};
/* End PBXProject section */

/* Begin PBXResourcesBuildPhase section */
		F2B4092B18BA16F400611B29 /* Resources */ = {
			isa = PBXResourcesBuildPhase;
			buildActionMask = 2147483647;
			files = (
				F2B4093B18BA16F400611B29 /* InfoPlist.strings in Resources */,
				F244007718DACD6B0078B6B0 /* Images.xcassets in Resources */,
			);
			runOnlyForDeploymentPostprocessing = 0;
		};
		F2B4094618BA16F500611B29 /* Resources */ = {
			isa = PBXResourcesBuildPhase;
			buildActionMask = 2147483647;
			files = (
				F2B4095418BA16F500611B29 /* InfoPlist.strings in Resources */,
			);
			runOnlyForDeploymentPostprocessing = 0;
		};
/* End PBXResourcesBuildPhase section */

/* Begin PBXSourcesBuildPhase section */
		F2B4092918BA16F400611B29 /* Sources */ = {
			isa = PBXSourcesBuildPhase;
			buildActionMask = 2147483647;
			files = (
				F244007818DACD6B0078B6B0 /* SHTestModal.m in Sources */,
				F2B4093D18BA16F400611B29 /* main.m in Sources */,
				F244007518DACD6B0078B6B0 /* SHModelObject.m in Sources */,
				F244007618DACD6B0078B6B0 /* SHAppDelegate.m in Sources */,
			);
			runOnlyForDeploymentPostprocessing = 0;
		};
		F2B4094418BA16F500611B29 /* Sources */ = {
			isa = PBXSourcesBuildPhase;
			buildActionMask = 2147483647;
			files = (
				F2B4095618BA16F500611B29 /* SHModalObjectTests.m in Sources */,
			);
			runOnlyForDeploymentPostprocessing = 0;
		};
/* End PBXSourcesBuildPhase section */

/* Begin PBXTargetDependency section */
		F2B4094E18BA16F500611B29 /* PBXTargetDependency */ = {
			isa = PBXTargetDependency;
			target = F2B4092C18BA16F400611B29 /* SHModelObject */;
			targetProxy = F2B4094D18BA16F500611B29 /* PBXContainerItemProxy */;
		};
/* End PBXTargetDependency section */

/* Begin PBXVariantGroup section */
		F2B4093918BA16F400611B29 /* InfoPlist.strings */ = {
			isa = PBXVariantGroup;
			children = (
				F2B4093A18BA16F400611B29 /* en */,
			);
			name = InfoPlist.strings;
			sourceTree = "<group>";
		};
		F2B4095218BA16F500611B29 /* InfoPlist.strings */ = {
			isa = PBXVariantGroup;
			children = (
				F2B4095318BA16F500611B29 /* en */,
			);
			name = InfoPlist.strings;
			sourceTree = "<group>";
		};
/* End PBXVariantGroup section */

/* Begin XCBuildConfiguration section */
		F2B4095718BA16F500611B29 /* Debug */ = {
			isa = XCBuildConfiguration;
			buildSettings = {
				ALWAYS_SEARCH_USER_PATHS = NO;
				ARCHS = "$(ARCHS_STANDARD_INCLUDING_64_BIT)";
				CLANG_CXX_LANGUAGE_STANDARD = "gnu++0x";
				CLANG_CXX_LIBRARY = "libc++";
				CLANG_ENABLE_MODULES = YES;
				CLANG_ENABLE_OBJC_ARC = YES;
				CLANG_WARN_BOOL_CONVERSION = YES;
				CLANG_WARN_CONSTANT_CONVERSION = YES;
				CLANG_WARN_DIRECT_OBJC_ISA_USAGE = YES_ERROR;
				CLANG_WARN_EMPTY_BODY = YES;
				CLANG_WARN_ENUM_CONVERSION = YES;
				CLANG_WARN_INT_CONVERSION = YES;
				CLANG_WARN_OBJC_ROOT_CLASS = YES_ERROR;
				CLANG_WARN__DUPLICATE_METHOD_MATCH = YES;
				"CODE_SIGN_IDENTITY[sdk=iphoneos*]" = "iPhone Developer";
				COPY_PHASE_STRIP = NO;
				GCC_C_LANGUAGE_STANDARD = gnu99;
				GCC_DYNAMIC_NO_PIC = NO;
				GCC_OPTIMIZATION_LEVEL = 0;
				GCC_PREPROCESSOR_DEFINITIONS = (
					"DEBUG=1",
					"$(inherited)",
				);
				GCC_SYMBOLS_PRIVATE_EXTERN = NO;
				GCC_WARN_64_TO_32_BIT_CONVERSION = YES;
				GCC_WARN_ABOUT_RETURN_TYPE = YES_ERROR;
				GCC_WARN_UNDECLARED_SELECTOR = YES;
				GCC_WARN_UNINITIALIZED_AUTOS = YES;
				GCC_WARN_UNUSED_FUNCTION = YES;
				GCC_WARN_UNUSED_VARIABLE = YES;
				IPHONEOS_DEPLOYMENT_TARGET = 7.0;
				ONLY_ACTIVE_ARCH = YES;
				SDKROOT = iphoneos;
				TARGETED_DEVICE_FAMILY = "1,2";
			};
			name = Debug;
		};
		F2B4095818BA16F500611B29 /* Release */ = {
			isa = XCBuildConfiguration;
			buildSettings = {
				ALWAYS_SEARCH_USER_PATHS = NO;
				ARCHS = "$(ARCHS_STANDARD_INCLUDING_64_BIT)";
				CLANG_CXX_LANGUAGE_STANDARD = "gnu++0x";
				CLANG_CXX_LIBRARY = "libc++";
				CLANG_ENABLE_MODULES = YES;
				CLANG_ENABLE_OBJC_ARC = YES;
				CLANG_WARN_BOOL_CONVERSION = YES;
				CLANG_WARN_CONSTANT_CONVERSION = YES;
				CLANG_WARN_DIRECT_OBJC_ISA_USAGE = YES_ERROR;
				CLANG_WARN_EMPTY_BODY = YES;
				CLANG_WARN_ENUM_CONVERSION = YES;
				CLANG_WARN_INT_CONVERSION = YES;
				CLANG_WARN_OBJC_ROOT_CLASS = YES_ERROR;
				CLANG_WARN__DUPLICATE_METHOD_MATCH = YES;
				"CODE_SIGN_IDENTITY[sdk=iphoneos*]" = "iPhone Developer";
				COPY_PHASE_STRIP = YES;
				ENABLE_NS_ASSERTIONS = NO;
				GCC_C_LANGUAGE_STANDARD = gnu99;
				GCC_WARN_64_TO_32_BIT_CONVERSION = YES;
				GCC_WARN_ABOUT_RETURN_TYPE = YES_ERROR;
				GCC_WARN_UNDECLARED_SELECTOR = YES;
				GCC_WARN_UNINITIALIZED_AUTOS = YES;
				GCC_WARN_UNUSED_FUNCTION = YES;
				GCC_WARN_UNUSED_VARIABLE = YES;
				IPHONEOS_DEPLOYMENT_TARGET = 7.0;
				SDKROOT = iphoneos;
				TARGETED_DEVICE_FAMILY = "1,2";
				VALIDATE_PRODUCT = YES;
			};
			name = Release;
		};
		F2B4095A18BA16F500611B29 /* Debug */ = {
			isa = XCBuildConfiguration;
			buildSettings = {
				ASSETCATALOG_COMPILER_APPICON_NAME = AppIcon;
				ASSETCATALOG_COMPILER_LAUNCHIMAGE_NAME = LaunchImage;
				GCC_PRECOMPILE_PREFIX_HEADER = YES;
				GCC_PREFIX_HEADER = "SHModelObject/SHModelObject-Prefix.pch";
				INFOPLIST_FILE = "SHModelObject/SHModelObject-Info.plist";
				PRODUCT_NAME = SHModelObject;
				WRAPPER_EXTENSION = app;
			};
			name = Debug;
		};
		F2B4095B18BA16F500611B29 /* Release */ = {
			isa = XCBuildConfiguration;
			buildSettings = {
				ASSETCATALOG_COMPILER_APPICON_NAME = AppIcon;
				ASSETCATALOG_COMPILER_LAUNCHIMAGE_NAME = LaunchImage;
				GCC_PRECOMPILE_PREFIX_HEADER = YES;
				GCC_PREFIX_HEADER = "SHModelObject/SHModelObject-Prefix.pch";
				INFOPLIST_FILE = "SHModelObject/SHModelObject-Info.plist";
				PRODUCT_NAME = SHModelObject;
				WRAPPER_EXTENSION = app;
			};
			name = Release;
		};
		F2B4095D18BA16F500611B29 /* Debug */ = {
			isa = XCBuildConfiguration;
			buildSettings = {
				ARCHS = "$(ARCHS_STANDARD_INCLUDING_64_BIT)";
				BUNDLE_LOADER = "$(BUILT_PRODUCTS_DIR)/SHModalObject.app/SHModalObject";
				FRAMEWORK_SEARCH_PATHS = (
					"$(SDKROOT)/Developer/Library/Frameworks",
					"$(inherited)",
					"$(DEVELOPER_FRAMEWORKS_DIR)",
				);
				GCC_PRECOMPILE_PREFIX_HEADER = YES;
				GCC_PREFIX_HEADER = "SHModalObject/SHModalObject-Prefix.pch";
				GCC_PREPROCESSOR_DEFINITIONS = (
					"DEBUG=1",
					"$(inherited)",
				);
				INFOPLIST_FILE = "SHModalObjectTests/SHModelObjectTests-Info.plist";
				PRODUCT_NAME = SHModelObjectTests;
				TEST_HOST = "$(BUNDLE_LOADER)";
				WRAPPER_EXTENSION = xctest;
			};
			name = Debug;
		};
		F2B4095E18BA16F500611B29 /* Release */ = {
			isa = XCBuildConfiguration;
			buildSettings = {
				ARCHS = "$(ARCHS_STANDARD_INCLUDING_64_BIT)";
				BUNDLE_LOADER = "$(BUILT_PRODUCTS_DIR)/SHModalObject.app/SHModalObject";
				FRAMEWORK_SEARCH_PATHS = (
					"$(SDKROOT)/Developer/Library/Frameworks",
					"$(inherited)",
					"$(DEVELOPER_FRAMEWORKS_DIR)",
				);
				GCC_PRECOMPILE_PREFIX_HEADER = YES;
				GCC_PREFIX_HEADER = "SHModalObject/SHModalObject-Prefix.pch";
				INFOPLIST_FILE = "SHModalObjectTests/SHModelObjectTests-Info.plist";
				PRODUCT_NAME = SHModelObjectTests;
				TEST_HOST = "$(BUNDLE_LOADER)";
				WRAPPER_EXTENSION = xctest;
			};
			name = Release;
		};
/* End XCBuildConfiguration section */

/* Begin XCConfigurationList section */
		F2B4092818BA16F400611B29 /* Build configuration list for PBXProject "SHModelObject" */ = {
			isa = XCConfigurationList;
			buildConfigurations = (
				F2B4095718BA16F500611B29 /* Debug */,
				F2B4095818BA16F500611B29 /* Release */,
			);
			defaultConfigurationIsVisible = 0;
			defaultConfigurationName = Release;
		};
		F2B4095918BA16F500611B29 /* Build configuration list for PBXNativeTarget "SHModelObject" */ = {
			isa = XCConfigurationList;
			buildConfigurations = (
				F2B4095A18BA16F500611B29 /* Debug */,
				F2B4095B18BA16F500611B29 /* Release */,
			);
			defaultConfigurationIsVisible = 0;
			defaultConfigurationName = Release;
		};
		F2B4095C18BA16F500611B29 /* Build configuration list for PBXNativeTarget "SHModelObjectTests" */ = {
			isa = XCConfigurationList;
			buildConfigurations = (
				F2B4095D18BA16F500611B29 /* Debug */,
				F2B4095E18BA16F500611B29 /* Release */,
			);
			defaultConfigurationIsVisible = 0;
			defaultConfigurationName = Release;
		};
/* End XCConfigurationList section */
	};
	rootObject = F2B4092518BA16F400611B29 /* Project object */;
}
